
Microsoft Visual Studio Solution File, Format Version 12.00
# Visual Studio Version 17
VisualStudioVersion = 17.8.34330.188
MinimumVisualStudioVersion = 10.0.40219.1
Project("{FAE04EC0-301F-11D3-BF4B-00C04F79EFBC}") = "pr21-22_Sborschikov_pr-23.106", "pr21-22_Sborschikov_pr-23.106\pr21-22_Sborschikov_pr-23.106.csproj", "{3E991833-7A36-4830-8E98-F6B9A803DE23}"
EndProject
Global
	GlobalSection(SolutionConfigurationPlatforms) = preSolution
		Debug|Any CPU = Debug|Any CPU
		Release|Any CPU = Release|Any CPU
	EndGlobalSection
	GlobalSection(ProjectConfigurationPlatforms) = postSolution
		{3E991833-7A36-4830-8E98-F6B9A803DE23}.Debug|Any CPU.ActiveCfg = Debug|Any CPU
		{3E991833-7A36-4830-8E98-F6B9A803DE23}.Debug|Any CPU.Build.0 = Debug|Any CPU
		{3E991833-7A36-4830-8E98-F6B9A803DE23}.Release|Any CPU.ActiveCfg = Release|Any CPU
		{3E991833-7A36-4830-8E98-F6B9A803DE23}.Release|Any CPU.Build.0 = Release|Any CPU
	EndGlobalSection
	GlobalSection(SolutionProperties) = preSolution
		HideSolutionNode = FALSE
	EndGlobalSection
	GlobalSection(ExtensibilityGlobals) = postSolution
		SolutionGuid = {BE2110EB-C712-44CB-948E-B09F621B8501}
	EndGlobalSection
EndGlobal
